
Microsoft Visual Studio Solution File, Format Version 12.00
# Visual Studio 15
Project("{FAE04EC0-301F-11D3-BF4B-00C04F79EFBC}") = "UnityEngine.UI", "UnityEngine.UI.csproj", "{6CA9AF69-877F-E8CF-C093-85E36676EB0E}"
EndProject
Project("{FAE04EC0-301F-11D3-BF4B-00C04F79EFBC}") = "Unity.RenderPipelines.Core.Runtime", "Unity.RenderPipelines.Core.Runtime.csproj", "{FADA9EE7-7921-F3E3-F4AC-B7C89A4709A9}"
EndProject
Project("{FAE04EC0-301F-11D3-BF4B-00C04F79EFBC}") = "Unity.RenderPipelines.HighDefinition.Runtime", "Unity.RenderPipelines.HighDefinition.Runtime.csproj", "{673BAABE-CEC8-6D69-53C8-962D4ED89EC8}"
EndProject
Project("{FAE04EC0-301F-11D3-BF4B-00C04F79EFBC}") = "UnityEngine.TestRunner", "UnityEngine.TestRunner.csproj", "{DDBA9CF0-8C30-3112-3A5C-51119975ED12}"
EndProject
Project("{FAE04EC0-301F-11D3-BF4B-00C04F79EFBC}") = "Unity.Services.Core.Telemetry", "Unity.Services.Core.Telemetry.csproj", "{38F92BAE-0B3D-CC1C-396B-97257557C3AD}"
EndProject
Project("{FAE04EC0-301F-11D3-BF4B-00C04F79EFBC}") = "Unity.VisualScripting.State", "Unity.VisualScripting.State.csproj", "{D50ADBAC-FBEA-43C2-E5EE-A1952E158F5F}"
EndProject
Project("{FAE04EC0-301F-11D3-BF4B-00C04F79EFBC}") = "Unity.VisualScripting.Flow", "Unity.VisualScripting.Flow.csproj", "{96FB0F1F-B04C-5712-8B53-6132187DC734}"
EndProject
Project("{FAE04EC0-301F-11D3-BF4B-00C04F79EFBC}") = "Unity.VisualScripting.Core", "Unity.VisualScripting.Core.csproj", "{B0E54A5F-D0EA-9924-0374-19A91D8496F1}"
EndProject
Project("{FAE04EC0-301F-11D3-BF4B-00C04F79EFBC}") = "Unity.Services.Core.Environments.Internal", "Unity.Services.Core.Environments.Internal.csproj", "{B7491E5B-F8D7-E6A5-9850-06F41169AC60}"
EndProject
Project("{FAE04EC0-301F-11D3-BF4B-00C04F79EFBC}") = "Unity.TextMeshPro", "Unity.TextMeshPro.csproj", "{0318E66D-F4BF-29AD-22F3-6E638C79E82D}"
EndProject
Project("{FAE04EC0-301F-11D3-BF4B-00C04F79EFBC}") = "Unity.Burst", "Unity.Burst.csproj", "{0DE9AEF5-9CB0-B7CB-775F-702F36415972}"
EndProject
Project("{FAE04EC0-301F-11D3-BF4B-00C04F79EFBC}") = "Unity.Services.Core.Environments", "Unity.Services.Core.Environments.csproj", "{B0DECB07-660D-A92D-81AE-61F8154F481E}"
EndProject
Project("{FAE04EC0-301F-11D3-BF4B-00C04F79EFBC}") = "Unity.Services.Core.Internal", "Unity.Services.Core.Internal.csproj", "{8CA8A137-AFEF-101C-AA47-53EE7D60F7CA}"
EndProject
Project("{FAE04EC0-301F-11D3-BF4B-00C04F79EFBC}") = "Unity.Timeline", "Unity.Timeline.csproj", "{048407FB-08E7-AAE0-8B7E-3C035F66EF93}"
EndProject
Project("{FAE04EC0-301F-11D3-BF4B-00C04F79EFBC}") = "Unity.Mathematics", "Unity.Mathematics.csproj", "{A6822777-52C9-254F-24C4-B26CA9B2D2E4}"
EndProject
Project("{FAE04EC0-301F-11D3-BF4B-00C04F79EFBC}") = "Unity.VisualEffectGraph.Runtime", "Unity.VisualEffectGraph.Runtime.csproj", "{827D4B96-AB3E-386D-69DD-418AB54E56B3}"
EndProject
Project("{FAE04EC0-301F-11D3-BF4B-00C04F79EFBC}") = "Unity.Services.Core.Scheduler", "Unity.Services.Core.Scheduler.csproj", "{A2228A6F-63DF-854A-4184-3981272C5AC4}"
EndProject
Project("{FAE04EC0-301F-11D3-BF4B-00C04F79EFBC}") = "Assembly-CSharp", "Assembly-CSharp.csproj", "{7A050D12-64C0-3812-EE44-7810531B6FD6}"
EndProject
Project("{FAE04EC0-301F-11D3-BF4B-00C04F79EFBC}") = "Unity.Services.Core.Device", "Unity.Services.Core.Device.csproj", "{4308A168-CA56-EAA0-B676-2EB00A433B8A}"
EndProject
Project("{FAE04EC0-301F-11D3-BF4B-00C04F79EFBC}") = "Unity.Services.Core.Analytics", "Unity.Services.Core.Analytics.csproj", "{854EA008-AB93-8A26-6744-99FD3AFB70CF}"
EndProject
Project("{FAE04EC0-301F-11D3-BF4B-00C04F79EFBC}") = "Unity.Services.Core.Threading", "Unity.Services.Core.Threading.csproj", "{9CF1EAA8-9440-81D5-F338-FB5E5AE4EA38}"
EndProject
Project("{FAE04EC0-301F-11D3-BF4B-00C04F79EFBC}") = "Unity.Services.Core.Configuration", "Unity.Services.Core.Configuration.csproj", "{7FFC7D64-D5CE-51B1-3E2F-40FD37DAD34D}"
EndProject
Project("{FAE04EC0-301F-11D3-BF4B-00C04F79EFBC}") = "Unity.Services.Core", "Unity.Services.Core.csproj", "{DD574517-C7DE-3560-7EB5-13D7D4636B6D}"
EndProject
Project("{FAE04EC0-301F-11D3-BF4B-00C04F79EFBC}") = "Unity.Services.Core.Networking", "Unity.Services.Core.Networking.csproj", "{EFFA30BB-5C7A-2BF0-7E71-FCF96EA30C41}"
EndProject
Project("{FAE04EC0-301F-11D3-BF4B-00C04F79EFBC}") = "Unity.Services.Core.Registration", "Unity.Services.Core.Registration.csproj", "{C72E8454-40C3-0388-B6B9-7AD9AEF1E0F7}"
EndProject
Project("{FAE04EC0-301F-11D3-BF4B-00C04F79EFBC}") = "Unity.RenderPipelines.ShaderGraph.ShaderGraphLibrary", "Unity.RenderPipelines.ShaderGraph.ShaderGraphLibrary.csproj", "{D2DB11C6-B8FF-A992-E2C5-40B30994D428}"
EndProject
Project("{FAE04EC0-301F-11D3-BF4B-00C04F79EFBC}") = "Unity.RenderPipelines.Core.ShaderLibrary", "Unity.RenderPipelines.Core.ShaderLibrary.csproj", "{9EBFE57D-A9C8-B845-B30C-DFF5A1803F83}"
EndProject
Project("{FAE04EC0-301F-11D3-BF4B-00C04F79EFBC}") = "Unity.RenderPipelines.HighDefinition.Config.Runtime", "Unity.RenderPipelines.HighDefinition.Config.Runtime.csproj", "{CA551A60-99C6-E106-DEEE-D1EABF124312}"
EndProject
Project("{FAE04EC0-301F-11D3-BF4B-00C04F79EFBC}") = "Unity.PlasticSCM.Editor", "Unity.PlasticSCM.Editor.csproj", "{54AD6BDE-4165-70D4-389F-A1D3619D8698}"
EndProject
Project("{FAE04EC0-301F-11D3-BF4B-00C04F79EFBC}") = "Unity.VisualScripting.Core.Editor", "Unity.VisualScripting.Core.Editor.csproj", "{1D69ACD1-8D15-1FB4-387B-05535AA67236}"
EndProject
Project("{FAE04EC0-301F-11D3-BF4B-00C04F79EFBC}") = "Unity.ShaderGraph.Editor", "Unity.ShaderGraph.Editor.csproj", "{0F831E68-90E5-5754-4E3D-6AE5B56F3C27}"
EndProject
Project("{FAE04EC0-301F-11D3-BF4B-00C04F79EFBC}") = "Unity.Timeline.Editor", "Unity.Timeline.Editor.csproj", "{56253C0B-1C85-FD84-03D2-2EEB85FB5EE5}"
EndProject
Project("{FAE04EC0-301F-11D3-BF4B-00C04F79EFBC}") = "Unity.VisualEffectGraph.Editor", "Unity.VisualEffectGraph.Editor.csproj", "{99B2DE6B-3333-F338-C6A9-2868477700F7}"
EndProject
Project("{FAE04EC0-301F-11D3-BF4B-00C04F79EFBC}") = "Unity.TextMeshPro.Editor", "Unity.TextMeshPro.Editor.csproj", "{14EB7631-14F1-B8D8-05FA-F3607BD84FB7}"
EndProject
Project("{FAE04EC0-301F-11D3-BF4B-00C04F79EFBC}") = "Unity.VisualScripting.SettingsProvider.Editor", "Unity.VisualScripting.SettingsProvider.Editor.csproj", "{24C9B2C5-BD89-36A6-0C9E-B3A978393B3A}"
EndProject
Project("{FAE04EC0-301F-11D3-BF4B-00C04F79EFBC}") = "Unity.RenderPipelines.HighDefinition.Editor", "Unity.RenderPipelines.HighDefinition.Editor.csproj", "{B006B6D9-EEC3-AF75-F286-4C9399561AC9}"
EndProject
Project("{FAE04EC0-301F-11D3-BF4B-00C04F79EFBC}") = "UnityEditor.TestRunner", "UnityEditor.TestRunner.csproj", "{BA67D9C6-DD30-6D2F-3817-D222D23CC70F}"
EndProject
Project("{FAE04EC0-301F-11D3-BF4B-00C04F79EFBC}") = "Unity.TestTools.CodeCoverage.Editor", "Unity.TestTools.CodeCoverage.Editor.csproj", "{646E62FB-DE13-F2E9-0456-2CBABE100EF3}"
EndProject
Project("{FAE04EC0-301F-11D3-BF4B-00C04F79EFBC}") = "Unity.VisualScripting.Flow.Editor", "Unity.VisualScripting.Flow.Editor.csproj", "{3FBF69F9-F795-AF25-99CE-4A2B7ADF5A42}"
EndProject
Project("{FAE04EC0-301F-11D3-BF4B-00C04F79EFBC}") = "Unity.Rider.Editor", "Unity.Rider.Editor.csproj", "{F9992664-E0C6-5DA6-028F-A51F31B05A31}"
EndProject
Project("{FAE04EC0-301F-11D3-BF4B-00C04F79EFBC}") = "Unity.CollabProxy.Editor", "Unity.CollabProxy.Editor.csproj", "{3A6EE46D-AC62-B0C3-CF65-483C82F0453F}"
EndProject
Project("{FAE04EC0-301F-11D3-BF4B-00C04F79EFBC}") = "Unity.Performance.Profile-Analyzer.Editor", "Unity.Performance.Profile-Analyzer.Editor.csproj", "{D88D2E29-4508-D4C0-92BE-ABD30D0EDBB4}"
EndProject
Project("{FAE04EC0-301F-11D3-BF4B-00C04F79EFBC}") = "Unity.RenderPipelines.Core.Editor", "Unity.RenderPipelines.Core.Editor.csproj", "{776788D1-FC65-FBA7-E168-A3224AEE9D33}"
EndProject
Project("{FAE04EC0-301F-11D3-BF4B-00C04F79EFBC}") = "Unity.Services.Core.Editor", "Unity.Services.Core.Editor.csproj", "{B5CD0803-E36C-35D0-FEFA-E62205172FD7}"
EndProject
Project("{FAE04EC0-301F-11D3-BF4B-00C04F79EFBC}") = "Unity.Burst.CodeGen", "Unity.Burst.CodeGen.csproj", "{16AC1F49-2685-2A79-B63B-0DFBAB0C915E}"
EndProject
Project("{FAE04EC0-301F-11D3-BF4B-00C04F79EFBC}") = "Unity.VSCode.Editor", "Unity.VSCode.Editor.csproj", "{1632001A-3A38-B8EF-FF7A-4305221775D6}"
EndProject
Project("{FAE04EC0-301F-11D3-BF4B-00C04F79EFBC}") = "Unity.VisualStudio.Editor", "Unity.VisualStudio.Editor.csproj", "{9EBFECF3-8585-388E-5D05-D2AB7218648B}"
EndProject
Project("{FAE04EC0-301F-11D3-BF4B-00C04F79EFBC}") = "Unity.TestTools.CodeCoverage.Editor.OpenCover.Model", "Unity.TestTools.CodeCoverage.Editor.OpenCover.Model.csproj", "{AC6619FE-1661-98F9-936D-28648672F3F9}"
EndProject
Project("{FAE04EC0-301F-11D3-BF4B-00C04F79EFBC}") = "Unity.Settings.Editor", "Unity.Settings.Editor.csproj", "{F4AD5BF0-06CB-7D22-68A5-0E9AAD49A828}"
EndProject
Project("{FAE04EC0-301F-11D3-BF4B-00C04F79EFBC}") = "Unity.VisualScripting.State.Editor", "Unity.VisualScripting.State.Editor.csproj", "{4816F936-03E6-3276-6D89-9165968BA6EE}"
EndProject
Project("{FAE04EC0-301F-11D3-BF4B-00C04F79EFBC}") = "UnityEditor.UI", "UnityEditor.UI.csproj", "{34EFA9B7-A747-37D2-4689-63EA774F0DAF}"
EndProject
Project("{FAE04EC0-301F-11D3-BF4B-00C04F79EFBC}") = "Unity.Searcher.Editor", "Unity.Searcher.Editor.csproj", "{B2B18280-F7E6-7D5F-196A-9AB6DEEB2377}"
EndProject
Project("{FAE04EC0-301F-11D3-BF4B-00C04F79EFBC}") = "Unity.Services.Core.Configuration.Editor", "Unity.Services.Core.Configuration.Editor.csproj", "{D394F551-A499-66A9-7F3C-19F02945C7BA}"
EndProject
Project("{FAE04EC0-301F-11D3-BF4B-00C04F79EFBC}") = "Unity.Burst.Editor", "Unity.Burst.Editor.csproj", "{48BDDB7C-F5B2-E745-3EC5-D08DF8939CE2}"
EndProject
Project("{FAE04EC0-301F-11D3-BF4B-00C04F79EFBC}") = "Assembly-CSharp-Editor", "Assembly-CSharp-Editor.csproj", "{6914A931-07F7-CC7F-2B93-7ECCA3EEE7C5}"
EndProject
Project("{FAE04EC0-301F-11D3-BF4B-00C04F79EFBC}") = "Unity.ShaderGraph.Utilities", "Unity.ShaderGraph.Utilities.csproj", "{D6F7E8CF-0B20-38AE-943D-49DE7227AC53}"
EndProject
Project("{FAE04EC0-301F-11D3-BF4B-00C04F79EFBC}") = "Unity.Mathematics.Editor", "Unity.Mathematics.Editor.csproj", "{C7B9DB3F-D50E-F49E-B2C6-C913F6BBFDCE}"
EndProject
Project("{FAE04EC0-301F-11D3-BF4B-00C04F79EFBC}") = "Unity.TestTools.CodeCoverage.Editor.OpenCover.Mono.Reflection", "Unity.TestTools.CodeCoverage.Editor.OpenCover.Mono.Reflection.csproj", "{ED251FC2-E532-0EDC-D7F9-A1EDBDB965E3}"
EndProject
Project("{FAE04EC0-301F-11D3-BF4B-00C04F79EFBC}") = "Unity.EditorCoroutines.Editor", "Unity.EditorCoroutines.Editor.csproj", "{889544D8-0A40-168F-426F-7118FE26F6E6}"
EndProject
Project("{FAE04EC0-301F-11D3-BF4B-00C04F79EFBC}") = "Unity.VisualScripting.Shared.Editor", "Unity.VisualScripting.Shared.Editor.csproj", "{D42A2D99-378D-85E9-AC42-0FF4E13908DE}"
EndProject
Project("{FAE04EC0-301F-11D3-BF4B-00C04F79EFBC}") = "UnityEngine.UI", "UnityEngine.UI.Player.csproj", "{B34952C8-9A82-7698-877A-6752E03A254D}"
EndProject
Project("{FAE04EC0-301F-11D3-BF4B-00C04F79EFBC}") = "Unity.RenderPipelines.Core.Runtime", "Unity.RenderPipelines.Core.Runtime.Player.csproj", "{878394B3-9D9D-FA16-77F6-0FC56B198109}"
EndProject
Project("{FAE04EC0-301F-11D3-BF4B-00C04F79EFBC}") = "Unity.RenderPipelines.HighDefinition.Runtime", "Unity.RenderPipelines.HighDefinition.Runtime.Player.csproj", "{04CEE247-108D-C6C0-6DC1-D9973273C6DB}"
EndProject
Project("{FAE04EC0-301F-11D3-BF4B-00C04F79EFBC}") = "UnityEngine.TestRunner", "UnityEngine.TestRunner.Player.csproj", "{994419B0-D8AF-ED2B-02DB-46FB990DE709}"
EndProject
Project("{FAE04EC0-301F-11D3-BF4B-00C04F79EFBC}") = "Unity.Services.Core.Telemetry", "Unity.Services.Core.Telemetry.Player.csproj", "{FB7C388C-3F29-A4D5-FAAE-15FEF71947FE}"
EndProject
Project("{FAE04EC0-301F-11D3-BF4B-00C04F79EFBC}") = "Unity.VisualScripting.State", "Unity.VisualScripting.State.Player.csproj", "{91FF604C-D998-AA11-9246-B92BC39CFD4E}"
EndProject
Project("{FAE04EC0-301F-11D3-BF4B-00C04F79EFBC}") = "Unity.VisualScripting.Flow", "Unity.VisualScripting.Flow.Player.csproj", "{C6D27D8B-9336-3703-348C-E6028D24CE96}"
EndProject
Project("{FAE04EC0-301F-11D3-BF4B-00C04F79EFBC}") = "Unity.VisualScripting.Core", "Unity.VisualScripting.Core.Player.csproj", "{C393BFD5-FC6A-F032-0915-8DE1FE3B5898}"
EndProject
Project("{FAE04EC0-301F-11D3-BF4B-00C04F79EFBC}") = "Unity.Services.Core.Environments.Internal", "Unity.Services.Core.Environments.Internal.Player.csproj", "{64D715E6-3F63-DB03-D3D0-3B73808137C2}"
EndProject
Project("{FAE04EC0-301F-11D3-BF4B-00C04F79EFBC}") = "Unity.TextMeshPro", "Unity.TextMeshPro.Player.csproj", "{64B043BF-8F5E-1138-0AEF-FF5D4DA0C75B}"
EndProject
Project("{FAE04EC0-301F-11D3-BF4B-00C04F79EFBC}") = "Unity.Burst", "Unity.Burst.Player.csproj", "{3BF283AE-6DE3-5C5C-225E-0B8BAA7204D0}"
EndProject
Project("{FAE04EC0-301F-11D3-BF4B-00C04F79EFBC}") = "Unity.Services.Core.Environments", "Unity.Services.Core.Environments.Player.csproj", "{EBFE6F7D-7A40-363F-06B6-7CA14DE1B492}"
EndProject
Project("{FAE04EC0-301F-11D3-BF4B-00C04F79EFBC}") = "Unity.Services.Core.Internal", "Unity.Services.Core.Internal.Player.csproj", "{7242DE33-BCC1-69FA-DB08-B5EE204E36FD}"
EndProject
Project("{FAE04EC0-301F-11D3-BF4B-00C04F79EFBC}") = "Unity.Timeline", "Unity.Timeline.Player.csproj", "{9AA80B19-CBEE-1F00-A18D-A2A4748642C9}"
EndProject
Project("{FAE04EC0-301F-11D3-BF4B-00C04F79EFBC}") = "Unity.Mathematics", "Unity.Mathematics.Player.csproj", "{B57E6161-F7F1-960B-4FC2-330C01F0CD13}"
EndProject
Project("{FAE04EC0-301F-11D3-BF4B-00C04F79EFBC}") = "Unity.VisualEffectGraph.Runtime", "Unity.VisualEffectGraph.Runtime.Player.csproj", "{65A56DAC-AEE5-C99F-1AE4-36681069854B}"
EndProject
Project("{FAE04EC0-301F-11D3-BF4B-00C04F79EFBC}") = "Unity.Services.Core.Scheduler", "Unity.Services.Core.Scheduler.Player.csproj", "{F1BAE4F3-1969-7E7A-EFCE-3C02BA171250}"
EndProject
Project("{FAE04EC0-301F-11D3-BF4B-00C04F79EFBC}") = "Assembly-CSharp", "Assembly-CSharp.Player.csproj", "{34377166-FA6E-81A1-7934-3F1FFE1E8B60}"
EndProject
Project("{FAE04EC0-301F-11D3-BF4B-00C04F79EFBC}") = "Unity.Services.Core.Device", "Unity.Services.Core.Device.Player.csproj", "{60453915-FD93-8B90-65CA-EAF1A9265161}"
EndProject
Project("{FAE04EC0-301F-11D3-BF4B-00C04F79EFBC}") = "Unity.Services.Core.Analytics", "Unity.Services.Core.Analytics.Player.csproj", "{D99F8EEB-08A9-C34A-23BA-889D0BDAEFF4}"
EndProject
Project("{FAE04EC0-301F-11D3-BF4B-00C04F79EFBC}") = "Unity.Services.Core.Threading", "Unity.Services.Core.Threading.Player.csproj", "{BE91417E-F167-0006-7EA0-BE15B7FB92BF}"
EndProject
Project("{FAE04EC0-301F-11D3-BF4B-00C04F79EFBC}") = "Unity.Services.Core.Configuration", "Unity.Services.Core.Configuration.Player.csproj", "{777405E3-BE96-EB82-A4DE-56D85239462D}"
EndProject
Project("{FAE04EC0-301F-11D3-BF4B-00C04F79EFBC}") = "Unity.Services.Core", "Unity.Services.Core.Player.csproj", "{0792C4DF-982C-831E-1412-EBE999A3EE40}"
EndProject
Project("{FAE04EC0-301F-11D3-BF4B-00C04F79EFBC}") = "Unity.Services.Core.Networking", "Unity.Services.Core.Networking.Player.csproj", "{3A59968F-4ACE-D0D5-F86C-73D563442A7B}"
EndProject
Project("{FAE04EC0-301F-11D3-BF4B-00C04F79EFBC}") = "Unity.Services.Core.Registration", "Unity.Services.Core.Registration.Player.csproj", "{164E7B23-FBE3-1BBB-F1C9-3605C0324121}"
EndProject
Project("{FAE04EC0-301F-11D3-BF4B-00C04F79EFBC}") = "Unity.RenderPipelines.ShaderGraph.ShaderGraphLibrary", "Unity.RenderPipelines.ShaderGraph.ShaderGraphLibrary.Player.csproj", "{9AEC3DFD-EF9E-D452-6C02-EB032AA862A8}"
EndProject
Project("{FAE04EC0-301F-11D3-BF4B-00C04F79EFBC}") = "Unity.RenderPipelines.Core.ShaderLibrary", "Unity.RenderPipelines.Core.ShaderLibrary.Player.csproj", "{D7D45397-3F00-57EC-8D52-A252A3E819E7}"
EndProject
Project("{FAE04EC0-301F-11D3-BF4B-00C04F79EFBC}") = "Unity.RenderPipelines.HighDefinition.Config.Runtime", "Unity.RenderPipelines.HighDefinition.Config.Runtime.Player.csproj", "{42515A45-A616-0AF7-27E9-7A99CD0EF072}"
EndProject
Global
	GlobalSection(SolutionConfigurationPlatforms) = preSolution
		Debug|Any CPU = Debug|Any CPU
		Release|Any CPU = Release|Any CPU
	EndGlobalSection
	GlobalSection(ProjectConfigurationPlatforms) = postSolution
		{6CA9AF69-877F-E8CF-C093-85E36676EB0E}.Debug|Any CPU.ActiveCfg = Debug|Any CPU
		{6CA9AF69-877F-E8CF-C093-85E36676EB0E}.Debug|Any CPU.Build.0 = Debug|Any CPU
		{6CA9AF69-877F-E8CF-C093-85E36676EB0E}.Release|Any CPU.ActiveCfg = Release|Any CPU
		{6CA9AF69-877F-E8CF-C093-85E36676EB0E}.Release|Any CPU.Build.0 = Release|Any CPU
		{FADA9EE7-7921-F3E3-F4AC-B7C89A4709A9}.Debug|Any CPU.ActiveCfg = Debug|Any CPU
		{FADA9EE7-7921-F3E3-F4AC-B7C89A4709A9}.Debug|Any CPU.Build.0 = Debug|Any CPU
		{FADA9EE7-7921-F3E3-F4AC-B7C89A4709A9}.Release|Any CPU.ActiveCfg = Release|Any CPU
		{FADA9EE7-7921-F3E3-F4AC-B7C89A4709A9}.Release|Any CPU.Build.0 = Release|Any CPU
		{673BAABE-CEC8-6D69-53C8-962D4ED89EC8}.Debug|Any CPU.ActiveCfg = Debug|Any CPU
		{673BAABE-CEC8-6D69-53C8-962D4ED89EC8}.Debug|Any CPU.Build.0 = Debug|Any CPU
		{673BAABE-CEC8-6D69-53C8-962D4ED89EC8}.Release|Any CPU.ActiveCfg = Release|Any CPU
		{673BAABE-CEC8-6D69-53C8-962D4ED89EC8}.Release|Any CPU.Build.0 = Release|Any CPU
		{DDBA9CF0-8C30-3112-3A5C-51119975ED12}.Debug|Any CPU.ActiveCfg = Debug|Any CPU
		{DDBA9CF0-8C30-3112-3A5C-51119975ED12}.Debug|Any CPU.Build.0 = Debug|Any CPU
		{DDBA9CF0-8C30-3112-3A5C-51119975ED12}.Release|Any CPU.ActiveCfg = Release|Any CPU
		{DDBA9CF0-8C30-3112-3A5C-51119975ED12}.Release|Any CPU.Build.0 = Release|Any CPU
		{38F92BAE-0B3D-CC1C-396B-97257557C3AD}.Debug|Any CPU.ActiveCfg = Debug|Any CPU
		{38F92BAE-0B3D-CC1C-396B-97257557C3AD}.Debug|Any CPU.Build.0 = Debug|Any CPU
		{38F92BAE-0B3D-CC1C-396B-97257557C3AD}.Release|Any CPU.ActiveCfg = Release|Any CPU
		{38F92BAE-0B3D-CC1C-396B-97257557C3AD}.Release|Any CPU.Build.0 = Release|Any CPU
		{D50ADBAC-FBEA-43C2-E5EE-A1952E158F5F}.Debug|Any CPU.ActiveCfg = Debug|Any CPU
		{D50ADBAC-FBEA-43C2-E5EE-A1952E158F5F}.Debug|Any CPU.Build.0 = Debug|Any CPU
		{D50ADBAC-FBEA-43C2-E5EE-A1952E158F5F}.Release|Any CPU.ActiveCfg = Release|Any CPU
		{D50ADBAC-FBEA-43C2-E5EE-A1952E158F5F}.Release|Any CPU.Build.0 = Release|Any CPU
		{96FB0F1F-B04C-5712-8B53-6132187DC734}.Debug|Any CPU.ActiveCfg = Debug|Any CPU
		{96FB0F1F-B04C-5712-8B53-6132187DC734}.Debug|Any CPU.Build.0 = Debug|Any CPU
		{96FB0F1F-B04C-5712-8B53-6132187DC734}.Release|Any CPU.ActiveCfg = Release|Any CPU
		{96FB0F1F-B04C-5712-8B53-6132187DC734}.Release|Any CPU.Build.0 = Release|Any CPU
		{B0E54A5F-D0EA-9924-0374-19A91D8496F1}.Debug|Any CPU.ActiveCfg = Debug|Any CPU
		{B0E54A5F-D0EA-9924-0374-19A91D8496F1}.Debug|Any CPU.Build.0 = Debug|Any CPU
		{B0E54A5F-D0EA-9924-0374-19A91D8496F1}.Release|Any CPU.ActiveCfg = Release|Any CPU
		{B0E54A5F-D0EA-9924-0374-19A91D8496F1}.Release|Any CPU.Build.0 = Release|Any CPU
		{B7491E5B-F8D7-E6A5-9850-06F41169AC60}.Debug|Any CPU.ActiveCfg = Debug|Any CPU
		{B7491E5B-F8D7-E6A5-9850-06F41169AC60}.Debug|Any CPU.Build.0 = Debug|Any CPU
		{B7491E5B-F8D7-E6A5-9850-06F41169AC60}.Release|Any CPU.ActiveCfg = Release|Any CPU
		{B7491E5B-F8D7-E6A5-9850-06F41169AC60}.Release|Any CPU.Build.0 = Release|Any CPU
		{0318E66D-F4BF-29AD-22F3-6E638C79E82D}.Debug|Any CPU.ActiveCfg = Debug|Any CPU
		{0318E66D-F4BF-29AD-22F3-6E638C79E82D}.Debug|Any CPU.Build.0 = Debug|Any CPU
		{0318E66D-F4BF-29AD-22F3-6E638C79E82D}.Release|Any CPU.ActiveCfg = Release|Any CPU
		{0318E66D-F4BF-29AD-22F3-6E638C79E82D}.Release|Any CPU.Build.0 = Release|Any CPU
		{0DE9AEF5-9CB0-B7CB-775F-702F36415972}.Debug|Any CPU.ActiveCfg = Debug|Any CPU
		{0DE9AEF5-9CB0-B7CB-775F-702F36415972}.Debug|Any CPU.Build.0 = Debug|Any CPU
		{0DE9AEF5-9CB0-B7CB-775F-702F36415972}.Release|Any CPU.ActiveCfg = Release|Any CPU
		{0DE9AEF5-9CB0-B7CB-775F-702F36415972}.Release|Any CPU.Build.0 = Release|Any CPU
		{B0DECB07-660D-A92D-81AE-61F8154F481E}.Debug|Any CPU.ActiveCfg = Debug|Any CPU
		{B0DECB07-660D-A92D-81AE-61F8154F481E}.Debug|Any CPU.Build.0 = Debug|Any CPU
		{B0DECB07-660D-A92D-81AE-61F8154F481E}.Release|Any CPU.ActiveCfg = Release|Any CPU
		{B0DECB07-660D-A92D-81AE-61F8154F481E}.Release|Any CPU.Build.0 = Release|Any CPU
		{8CA8A137-AFEF-101C-AA47-53EE7D60F7CA}.Debug|Any CPU.ActiveCfg = Debug|Any CPU
		{8CA8A137-AFEF-101C-AA47-53EE7D60F7CA}.Debug|Any CPU.Build.0 = Debug|Any CPU
		{8CA8A137-AFEF-101C-AA47-53EE7D60F7CA}.Release|Any CPU.ActiveCfg = Release|Any CPU
		{8CA8A137-AFEF-101C-AA47-53EE7D60F7CA}.Release|Any CPU.Build.0 = Release|Any CPU
		{048407FB-08E7-AAE0-8B7E-3C035F66EF93}.Debug|Any CPU.ActiveCfg = Debug|Any CPU
		{048407FB-08E7-AAE0-8B7E-3C035F66EF93}.Debug|Any CPU.Build.0 = Debug|Any CPU
		{048407FB-08E7-AAE0-8B7E-3C035F66EF93}.Release|Any CPU.ActiveCfg = Release|Any CPU
		{048407FB-08E7-AAE0-8B7E-3C035F66EF93}.Release|Any CPU.Build.0 = Release|Any CPU
		{A6822777-52C9-254F-24C4-B26CA9B2D2E4}.Debug|Any CPU.ActiveCfg = Debug|Any CPU
		{A6822777-52C9-254F-24C4-B26CA9B2D2E4}.Debug|Any CPU.Build.0 = Debug|Any CPU
		{A6822777-52C9-254F-24C4-B26CA9B2D2E4}.Release|Any CPU.ActiveCfg = Release|Any CPU
		{A6822777-52C9-254F-24C4-B26CA9B2D2E4}.Release|Any CPU.Build.0 = Release|Any CPU
		{827D4B96-AB3E-386D-69DD-418AB54E56B3}.Debug|Any CPU.ActiveCfg = Debug|Any CPU
		{827D4B96-AB3E-386D-69DD-418AB54E56B3}.Debug|Any CPU.Build.0 = Debug|Any CPU
		{827D4B96-AB3E-386D-69DD-418AB54E56B3}.Release|Any CPU.ActiveCfg = Release|Any CPU
		{827D4B96-AB3E-386D-69DD-418AB54E56B3}.Release|Any CPU.Build.0 = Release|Any CPU
		{A2228A6F-63DF-854A-4184-3981272C5AC4}.Debug|Any CPU.ActiveCfg = Debug|Any CPU
		{A2228A6F-63DF-854A-4184-3981272C5AC4}.Debug|Any CPU.Build.0 = Debug|Any CPU
		{A2228A6F-63DF-854A-4184-3981272C5AC4}.Release|Any CPU.ActiveCfg = Release|Any CPU
		{A2228A6F-63DF-854A-4184-3981272C5AC4}.Release|Any CPU.Build.0 = Release|Any CPU
		{7A050D12-64C0-3812-EE44-7810531B6FD6}.Debug|Any CPU.ActiveCfg = Debug|Any CPU
		{7A050D12-64C0-3812-EE44-7810531B6FD6}.Debug|Any CPU.Build.0 = Debug|Any CPU
		{7A050D12-64C0-3812-EE44-7810531B6FD6}.Release|Any CPU.ActiveCfg = Release|Any CPU
		{7A050D12-64C0-3812-EE44-7810531B6FD6}.Release|Any CPU.Build.0 = Release|Any CPU
		{4308A168-CA56-EAA0-B676-2EB00A433B8A}.Debug|Any CPU.ActiveCfg = Debug|Any CPU
		{4308A168-CA56-EAA0-B676-2EB00A433B8A}.Debug|Any CPU.Build.0 = Debug|Any CPU
		{4308A168-CA56-EAA0-B676-2EB00A433B8A}.Release|Any CPU.ActiveCfg = Release|Any CPU
		{4308A168-CA56-EAA0-B676-2EB00A433B8A}.Release|Any CPU.Build.0 = Release|Any CPU
		{854EA008-AB93-8A26-6744-99FD3AFB70CF}.Debug|Any CPU.ActiveCfg = Debug|Any CPU
		{854EA008-AB93-8A26-6744-99FD3AFB70CF}.Debug|Any CPU.Build.0 = Debug|Any CPU
		{854EA008-AB93-8A26-6744-99FD3AFB70CF}.Release|Any CPU.ActiveCfg = Release|Any CPU
		{854EA008-AB93-8A26-6744-99FD3AFB70CF}.Release|Any CPU.Build.0 = Release|Any CPU
		{9CF1EAA8-9440-81D5-F338-FB5E5AE4EA38}.Debug|Any CPU.ActiveCfg = Debug|Any CPU
		{9CF1EAA8-9440-81D5-F338-FB5E5AE4EA38}.Debug|Any CPU.Build.0 = Debug|Any CPU
		{9CF1EAA8-9440-81D5-F338-FB5E5AE4EA38}.Release|Any CPU.ActiveCfg = Release|Any CPU
		{9CF1EAA8-9440-81D5-F338-FB5E5AE4EA38}.Release|Any CPU.Build.0 = Release|Any CPU
		{7FFC7D64-D5CE-51B1-3E2F-40FD37DAD34D}.Debug|Any CPU.ActiveCfg = Debug|Any CPU
		{7FFC7D64-D5CE-51B1-3E2F-40FD37DAD34D}.Debug|Any CPU.Build.0 = Debug|Any CPU
		{7FFC7D64-D5CE-51B1-3E2F-40FD37DAD34D}.Release|Any CPU.ActiveCfg = Release|Any CPU
		{7FFC7D64-D5CE-51B1-3E2F-40FD37DAD34D}.Release|Any CPU.Build.0 = Release|Any CPU
		{DD574517-C7DE-3560-7EB5-13D7D4636B6D}.Debug|Any CPU.ActiveCfg = Debug|Any CPU
		{DD574517-C7DE-3560-7EB5-13D7D4636B6D}.Debug|Any CPU.Build.0 = Debug|Any CPU
		{DD574517-C7DE-3560-7EB5-13D7D4636B6D}.Release|Any CPU.ActiveCfg = Release|Any CPU
		{DD574517-C7DE-3560-7EB5-13D7D4636B6D}.Release|Any CPU.Build.0 = Release|Any CPU
		{EFFA30BB-5C7A-2BF0-7E71-FCF96EA30C41}.Debug|Any CPU.ActiveCfg = Debug|Any CPU
		{EFFA30BB-5C7A-2BF0-7E71-FCF96EA30C41}.Debug|Any CPU.Build.0 = Debug|Any CPU
		{EFFA30BB-5C7A-2BF0-7E71-FCF96EA30C41}.Release|Any CPU.ActiveCfg = Release|Any CPU
		{EFFA30BB-5C7A-2BF0-7E71-FCF96EA30C41}.Release|Any CPU.Build.0 = Release|Any CPU
		{C72E8454-40C3-0388-B6B9-7AD9AEF1E0F7}.Debug|Any CPU.ActiveCfg = Debug|Any CPU
		{C72E8454-40C3-0388-B6B9-7AD9AEF1E0F7}.Debug|Any CPU.Build.0 = Debug|Any CPU
		{C72E8454-40C3-0388-B6B9-7AD9AEF1E0F7}.Release|Any CPU.ActiveCfg = Release|Any CPU
		{C72E8454-40C3-0388-B6B9-7AD9AEF1E0F7}.Release|Any CPU.Build.0 = Release|Any CPU
		{D2DB11C6-B8FF-A992-E2C5-40B30994D428}.Debug|Any CPU.ActiveCfg = Debug|Any CPU
		{D2DB11C6-B8FF-A992-E2C5-40B30994D428}.Debug|Any CPU.Build.0 = Debug|Any CPU
		{D2DB11C6-B8FF-A992-E2C5-40B30994D428}.Release|Any CPU.ActiveCfg = Release|Any CPU
		{D2DB11C6-B8FF-A992-E2C5-40B30994D428}.Release|Any CPU.Build.0 = Release|Any CPU
		{9EBFE57D-A9C8-B845-B30C-DFF5A1803F83}.Debug|Any CPU.ActiveCfg = Debug|Any CPU
		{9EBFE57D-A9C8-B845-B30C-DFF5A1803F83}.Debug|Any CPU.Build.0 = Debug|Any CPU
		{9EBFE57D-A9C8-B845-B30C-DFF5A1803F83}.Release|Any CPU.ActiveCfg = Release|Any CPU
		{9EBFE57D-A9C8-B845-B30C-DFF5A1803F83}.Release|Any CPU.Build.0 = Release|Any CPU
		{CA551A60-99C6-E106-DEEE-D1EABF124312}.Debug|Any CPU.ActiveCfg = Debug|Any CPU
		{CA551A60-99C6-E106-DEEE-D1EABF124312}.Debug|Any CPU.Build.0 = Debug|Any CPU
		{CA551A60-99C6-E106-DEEE-D1EABF124312}.Release|Any CPU.ActiveCfg = Release|Any CPU
		{CA551A60-99C6-E106-DEEE-D1EABF124312}.Release|Any CPU.Build.0 = Release|Any CPU
		{54AD6BDE-4165-70D4-389F-A1D3619D8698}.Debug|Any CPU.ActiveCfg = Debug|Any CPU
		{54AD6BDE-4165-70D4-389F-A1D3619D8698}.Debug|Any CPU.Build.0 = Debug|Any CPU
		{54AD6BDE-4165-70D4-389F-A1D3619D8698}.Release|Any CPU.ActiveCfg = Release|Any CPU
		{54AD6BDE-4165-70D4-389F-A1D3619D8698}.Release|Any CPU.Build.0 = Release|Any CPU
		{1D69ACD1-8D15-1FB4-387B-05535AA67236}.Debug|Any CPU.ActiveCfg = Debug|Any CPU
		{1D69ACD1-8D15-1FB4-387B-05535AA67236}.Debug|Any CPU.Build.0 = Debug|Any CPU
		{1D69ACD1-8D15-1FB4-387B-05535AA67236}.Release|Any CPU.ActiveCfg = Release|Any CPU
		{1D69ACD1-8D15-1FB4-387B-05535AA67236}.Release|Any CPU.Build.0 = Release|Any CPU
		{0F831E68-90E5-5754-4E3D-6AE5B56F3C27}.Debug|Any CPU.ActiveCfg = Debug|Any CPU
		{0F831E68-90E5-5754-4E3D-6AE5B56F3C27}.Debug|Any CPU.Build.0 = Debug|Any CPU
		{0F831E68-90E5-5754-4E3D-6AE5B56F3C27}.Release|Any CPU.ActiveCfg = Release|Any CPU
		{0F831E68-90E5-5754-4E3D-6AE5B56F3C27}.Release|Any CPU.Build.0 = Release|Any CPU
		{56253C0B-1C85-FD84-03D2-2EEB85FB5EE5}.Debug|Any CPU.ActiveCfg = Debug|Any CPU
		{56253C0B-1C85-FD84-03D2-2EEB85FB5EE5}.Debug|Any CPU.Build.0 = Debug|Any CPU
		{56253C0B-1C85-FD84-03D2-2EEB85FB5EE5}.Release|Any CPU.ActiveCfg = Release|Any CPU
		{56253C0B-1C85-FD84-03D2-2EEB85FB5EE5}.Release|Any CPU.Build.0 = Release|Any CPU
		{99B2DE6B-3333-F338-C6A9-2868477700F7}.Debug|Any CPU.ActiveCfg = Debug|Any CPU
		{99B2DE6B-3333-F338-C6A9-2868477700F7}.Debug|Any CPU.Build.0 = Debug|Any CPU
		{99B2DE6B-3333-F338-C6A9-2868477700F7}.Release|Any CPU.ActiveCfg = Release|Any CPU
		{99B2DE6B-3333-F338-C6A9-2868477700F7}.Release|Any CPU.Build.0 = Release|Any CPU
		{14EB7631-14F1-B8D8-05FA-F3607BD84FB7}.Debug|Any CPU.ActiveCfg = Debug|Any CPU
		{14EB7631-14F1-B8D8-05FA-F3607BD84FB7}.Debug|Any CPU.Build.0 = Debug|Any CPU
		{14EB7631-14F1-B8D8-05FA-F3607BD84FB7}.Release|Any CPU.ActiveCfg = Release|Any CPU
		{14EB7631-14F1-B8D8-05FA-F3607BD84FB7}.Release|Any CPU.Build.0 = Release|Any CPU
		{24C9B2C5-BD89-36A6-0C9E-B3A978393B3A}.Debug|Any CPU.ActiveCfg = Debug|Any CPU
		{24C9B2C5-BD89-36A6-0C9E-B3A978393B3A}.Debug|Any CPU.Build.0 = Debug|Any CPU
		{24C9B2C5-BD89-36A6-0C9E-B3A978393B3A}.Release|Any CPU.ActiveCfg = Release|Any CPU
		{24C9B2C5-BD89-36A6-0C9E-B3A978393B3A}.Release|Any CPU.Build.0 = Release|Any CPU
		{B006B6D9-EEC3-AF75-F286-4C9399561AC9}.Debug|Any CPU.ActiveCfg = Debug|Any CPU
		{B006B6D9-EEC3-AF75-F286-4C9399561AC9}.Debug|Any CPU.Build.0 = Debug|Any CPU
		{B006B6D9-EEC3-AF75-F286-4C9399561AC9}.Release|Any CPU.ActiveCfg = Release|Any CPU
		{B006B6D9-EEC3-AF75-F286-4C9399561AC9}.Release|Any CPU.Build.0 = Release|Any CPU
		{BA67D9C6-DD30-6D2F-3817-D222D23CC70F}.Debug|Any CPU.ActiveCfg = Debug|Any CPU
		{BA67D9C6-DD30-6D2F-3817-D222D23CC70F}.Debug|Any CPU.Build.0 = Debug|Any CPU
		{BA67D9C6-DD30-6D2F-3817-D222D23CC70F}.Release|Any CPU.ActiveCfg = Release|Any CPU
		{BA67D9C6-DD30-6D2F-3817-D222D23CC70F}.Release|Any CPU.Build.0 = Release|Any CPU
		{646E62FB-DE13-F2E9-0456-2CBABE100EF3}.Debug|Any CPU.ActiveCfg = Debug|Any CPU
		{646E62FB-DE13-F2E9-0456-2CBABE100EF3}.Debug|Any CPU.Build.0 = Debug|Any CPU
		{646E62FB-DE13-F2E9-0456-2CBABE100EF3}.Release|Any CPU.ActiveCfg = Release|Any CPU
		{646E62FB-DE13-F2E9-0456-2CBABE100EF3}.Release|Any CPU.Build.0 = Release|Any CPU
		{3FBF69F9-F795-AF25-99CE-4A2B7ADF5A42}.Debug|Any CPU.ActiveCfg = Debug|Any CPU
		{3FBF69F9-F795-AF25-99CE-4A2B7ADF5A42}.Debug|Any CPU.Build.0 = Debug|Any CPU
		{3FBF69F9-F795-AF25-99CE-4A2B7ADF5A42}.Release|Any CPU.ActiveCfg = Release|Any CPU
		{3FBF69F9-F795-AF25-99CE-4A2B7ADF5A42}.Release|Any CPU.Build.0 = Release|Any CPU
		{F9992664-E0C6-5DA6-028F-A51F31B05A31}.Debug|Any CPU.ActiveCfg = Debug|Any CPU
		{F9992664-E0C6-5DA6-028F-A51F31B05A31}.Debug|Any CPU.Build.0 = Debug|Any CPU
		{F9992664-E0C6-5DA6-028F-A51F31B05A31}.Release|Any CPU.ActiveCfg = Release|Any CPU
		{F9992664-E0C6-5DA6-028F-A51F31B05A31}.Release|Any CPU.Build.0 = Release|Any CPU
		{3A6EE46D-AC62-B0C3-CF65-483C82F0453F}.Debug|Any CPU.ActiveCfg = Debug|Any CPU
		{3A6EE46D-AC62-B0C3-CF65-483C82F0453F}.Debug|Any CPU.Build.0 = Debug|Any CPU
		{3A6EE46D-AC62-B0C3-CF65-483C82F0453F}.Release|Any CPU.ActiveCfg = Release|Any CPU
		{3A6EE46D-AC62-B0C3-CF65-483C82F0453F}.Release|Any CPU.Build.0 = Release|Any CPU
		{D88D2E29-4508-D4C0-92BE-ABD30D0EDBB4}.Debug|Any CPU.ActiveCfg = Debug|Any CPU
		{D88D2E29-4508-D4C0-92BE-ABD30D0EDBB4}.Debug|Any CPU.Build.0 = Debug|Any CPU
		{D88D2E29-4508-D4C0-92BE-ABD30D0EDBB4}.Release|Any CPU.ActiveCfg = Release|Any CPU
		{D88D2E29-4508-D4C0-92BE-ABD30D0EDBB4}.Release|Any CPU.Build.0 = Release|Any CPU
		{776788D1-FC65-FBA7-E168-A3224AEE9D33}.Debug|Any CPU.ActiveCfg = Debug|Any CPU
		{776788D1-FC65-FBA7-E168-A3224AEE9D33}.Debug|Any CPU.Build.0 = Debug|Any CPU
		{776788D1-FC65-FBA7-E168-A3224AEE9D33}.Release|Any CPU.ActiveCfg = Release|Any CPU
		{776788D1-FC65-FBA7-E168-A3224AEE9D33}.Release|Any CPU.Build.0 = Release|Any CPU
		{B5CD0803-E36C-35D0-FEFA-E62205172FD7}.Debug|Any CPU.ActiveCfg = Debug|Any CPU
		{B5CD0803-E36C-35D0-FEFA-E62205172FD7}.Debug|Any CPU.Build.0 = Debug|Any CPU
		{B5CD0803-E36C-35D0-FEFA-E62205172FD7}.Release|Any CPU.ActiveCfg = Release|Any CPU
		{B5CD0803-E36C-35D0-FEFA-E62205172FD7}.Release|Any CPU.Build.0 = Release|Any CPU
		{16AC1F49-2685-2A79-B63B-0DFBAB0C915E}.Debug|Any CPU.ActiveCfg = Debug|Any CPU
		{16AC1F49-2685-2A79-B63B-0DFBAB0C915E}.Debug|Any CPU.Build.0 = Debug|Any CPU
		{16AC1F49-2685-2A79-B63B-0DFBAB0C915E}.Release|Any CPU.ActiveCfg = Release|Any CPU
		{16AC1F49-2685-2A79-B63B-0DFBAB0C915E}.Release|Any CPU.Build.0 = Release|Any CPU
		{1632001A-3A38-B8EF-FF7A-4305221775D6}.Debug|Any CPU.ActiveCfg = Debug|Any CPU
		{1632001A-3A38-B8EF-FF7A-4305221775D6}.Debug|Any CPU.Build.0 = Debug|Any CPU
		{1632001A-3A38-B8EF-FF7A-4305221775D6}.Release|Any CPU.ActiveCfg = Release|Any CPU
		{1632001A-3A38-B8EF-FF7A-4305221775D6}.Release|Any CPU.Build.0 = Release|Any CPU
		{9EBFECF3-8585-388E-5D05-D2AB7218648B}.Debug|Any CPU.ActiveCfg = Debug|Any CPU
		{9EBFECF3-8585-388E-5D05-D2AB7218648B}.Debug|Any CPU.Build.0 = Debug|Any CPU
		{9EBFECF3-8585-388E-5D05-D2AB7218648B}.Release|Any CPU.ActiveCfg = Release|Any CPU
		{9EBFECF3-8585-388E-5D05-D2AB7218648B}.Release|Any CPU.Build.0 = Release|Any CPU
		{AC6619FE-1661-98F9-936D-28648672F3F9}.Debug|Any CPU.ActiveCfg = Debug|Any CPU
		{AC6619FE-1661-98F9-936D-28648672F3F9}.Debug|Any CPU.Build.0 = Debug|Any CPU
		{AC6619FE-1661-98F9-936D-28648672F3F9}.Release|Any CPU.ActiveCfg = Release|Any CPU
		{AC6619FE-1661-98F9-936D-28648672F3F9}.Release|Any CPU.Build.0 = Release|Any CPU
		{F4AD5BF0-06CB-7D22-68A5-0E9AAD49A828}.Debug|Any CPU.ActiveCfg = Debug|Any CPU
		{F4AD5BF0-06CB-7D22-68A5-0E9AAD49A828}.Debug|Any CPU.Build.0 = Debug|Any CPU
		{F4AD5BF0-06CB-7D22-68A5-0E9AAD49A828}.Release|Any CPU.ActiveCfg = Release|Any CPU
		{F4AD5BF0-06CB-7D22-68A5-0E9AAD49A828}.Release|Any CPU.Build.0 = Release|Any CPU
		{4816F936-03E6-3276-6D89-9165968BA6EE}.Debug|Any CPU.ActiveCfg = Debug|Any CPU
		{4816F936-03E6-3276-6D89-9165968BA6EE}.Debug|Any CPU.Build.0 = Debug|Any CPU
		{4816F936-03E6-3276-6D89-9165968BA6EE}.Release|Any CPU.ActiveCfg = Release|Any CPU
		{4816F936-03E6-3276-6D89-9165968BA6EE}.Release|Any CPU.Build.0 = Release|Any CPU
		{34EFA9B7-A747-37D2-4689-63EA774F0DAF}.Debug|Any CPU.ActiveCfg = Debug|Any CPU
		{34EFA9B7-A747-37D2-4689-63EA774F0DAF}.Debug|Any CPU.Build.0 = Debug|Any CPU
		{34EFA9B7-A747-37D2-4689-63EA774F0DAF}.Release|Any CPU.ActiveCfg = Release|Any CPU
		{34EFA9B7-A747-37D2-4689-63EA774F0DAF}.Release|Any CPU.Build.0 = Release|Any CPU
		{B2B18280-F7E6-7D5F-196A-9AB6DEEB2377}.Debug|Any CPU.ActiveCfg = Debug|Any CPU
		{B2B18280-F7E6-7D5F-196A-9AB6DEEB2377}.Debug|Any CPU.Build.0 = Debug|Any CPU
		{B2B18280-F7E6-7D5F-196A-9AB6DEEB2377}.Release|Any CPU.ActiveCfg = Release|Any CPU
		{B2B18280-F7E6-7D5F-196A-9AB6DEEB2377}.Release|Any CPU.Build.0 = Release|Any CPU
		{D394F551-A499-66A9-7F3C-19F02945C7BA}.Debug|Any CPU.ActiveCfg = Debug|Any CPU
		{D394F551-A499-66A9-7F3C-19F02945C7BA}.Debug|Any CPU.Build.0 = Debug|Any CPU
		{D394F551-A499-66A9-7F3C-19F02945C7BA}.Release|Any CPU.ActiveCfg = Release|Any CPU
		{D394F551-A499-66A9-7F3C-19F02945C7BA}.Release|Any CPU.Build.0 = Release|Any CPU
		{48BDDB7C-F5B2-E745-3EC5-D08DF8939CE2}.Debug|Any CPU.ActiveCfg = Debug|Any CPU
		{48BDDB7C-F5B2-E745-3EC5-D08DF8939CE2}.Debug|Any CPU.Build.0 = Debug|Any CPU
		{48BDDB7C-F5B2-E745-3EC5-D08DF8939CE2}.Release|Any CPU.ActiveCfg = Release|Any CPU
		{48BDDB7C-F5B2-E745-3EC5-D08DF8939CE2}.Release|Any CPU.Build.0 = Release|Any CPU
		{6914A931-07F7-CC7F-2B93-7ECCA3EEE7C5}.Debug|Any CPU.ActiveCfg = Debug|Any CPU
		{6914A931-07F7-CC7F-2B93-7ECCA3EEE7C5}.Debug|Any CPU.Build.0 = Debug|Any CPU
		{6914A931-07F7-CC7F-2B93-7ECCA3EEE7C5}.Release|Any CPU.ActiveCfg = Release|Any CPU
		{6914A931-07F7-CC7F-2B93-7ECCA3EEE7C5}.Release|Any CPU.Build.0 = Release|Any CPU
		{D6F7E8CF-0B20-38AE-943D-49DE7227AC53}.Debug|Any CPU.ActiveCfg = Debug|Any CPU
		{D6F7E8CF-0B20-38AE-943D-49DE7227AC53}.Debug|Any CPU.Build.0 = Debug|Any CPU
		{D6F7E8CF-0B20-38AE-943D-49DE7227AC53}.Release|Any CPU.ActiveCfg = Release|Any CPU
		{D6F7E8CF-0B20-38AE-943D-49DE7227AC53}.Release|Any CPU.Build.0 = Release|Any CPU
		{C7B9DB3F-D50E-F49E-B2C6-C913F6BBFDCE}.Debug|Any CPU.ActiveCfg = Debug|Any CPU
		{C7B9DB3F-D50E-F49E-B2C6-C913F6BBFDCE}.Debug|Any CPU.Build.0 = Debug|Any CPU
		{C7B9DB3F-D50E-F49E-B2C6-C913F6BBFDCE}.Release|Any CPU.ActiveCfg = Release|Any CPU
		{C7B9DB3F-D50E-F49E-B2C6-C913F6BBFDCE}.Release|Any CPU.Build.0 = Release|Any CPU
		{ED251FC2-E532-0EDC-D7F9-A1EDBDB965E3}.Debug|Any CPU.ActiveCfg = Debug|Any CPU
		{ED251FC2-E532-0EDC-D7F9-A1EDBDB965E3}.Debug|Any CPU.Build.0 = Debug|Any CPU
		{ED251FC2-E532-0EDC-D7F9-A1EDBDB965E3}.Release|Any CPU.ActiveCfg = Release|Any CPU
		{ED251FC2-E532-0EDC-D7F9-A1EDBDB965E3}.Release|Any CPU.Build.0 = Release|Any CPU
		{889544D8-0A40-168F-426F-7118FE26F6E6}.Debug|Any CPU.ActiveCfg = Debug|Any CPU
		{889544D8-0A40-168F-426F-7118FE26F6E6}.Debug|Any CPU.Build.0 = Debug|Any CPU
		{889544D8-0A40-168F-426F-7118FE26F6E6}.Release|Any CPU.ActiveCfg = Release|Any CPU
		{889544D8-0A40-168F-426F-7118FE26F6E6}.Release|Any CPU.Build.0 = Release|Any CPU
		{D42A2D99-378D-85E9-AC42-0FF4E13908DE}.Debug|Any CPU.ActiveCfg = Debug|Any CPU
		{D42A2D99-378D-85E9-AC42-0FF4E13908DE}.Debug|Any CPU.Build.0 = Debug|Any CPU
		{D42A2D99-378D-85E9-AC42-0FF4E13908DE}.Release|Any CPU.ActiveCfg = Release|Any CPU
		{D42A2D99-378D-85E9-AC42-0FF4E13908DE}.Release|Any CPU.Build.0 = Release|Any CPU
		{B34952C8-9A82-7698-877A-6752E03A254D}.Debug|Any CPU.ActiveCfg = Debug|Any CPU
		{B34952C8-9A82-7698-877A-6752E03A254D}.Debug|Any CPU.Build.0 = Debug|Any CPU
		{B34952C8-9A82-7698-877A-6752E03A254D}.Release|Any CPU.ActiveCfg = Release|Any CPU
		{B34952C8-9A82-7698-877A-6752E03A254D}.Release|Any CPU.Build.0 = Release|Any CPU
		{878394B3-9D9D-FA16-77F6-0FC56B198109}.Debug|Any CPU.ActiveCfg = Debug|Any CPU
		{878394B3-9D9D-FA16-77F6-0FC56B198109}.Debug|Any CPU.Build.0 = Debug|Any CPU
		{878394B3-9D9D-FA16-77F6-0FC56B198109}.Release|Any CPU.ActiveCfg = Release|Any CPU
		{878394B3-9D9D-FA16-77F6-0FC56B198109}.Release|Any CPU.Build.0 = Release|Any CPU
		{04CEE247-108D-C6C0-6DC1-D9973273C6DB}.Debug|Any CPU.ActiveCfg = Debug|Any CPU
		{04CEE247-108D-C6C0-6DC1-D9973273C6DB}.Debug|Any CPU.Build.0 = Debug|Any CPU
		{04CEE247-108D-C6C0-6DC1-D9973273C6DB}.Release|Any CPU.ActiveCfg = Release|Any CPU
		{04CEE247-108D-C6C0-6DC1-D9973273C6DB}.Release|Any CPU.Build.0 = Release|Any CPU
		{994419B0-D8AF-ED2B-02DB-46FB990DE709}.Debug|Any CPU.ActiveCfg = Debug|Any CPU
		{994419B0-D8AF-ED2B-02DB-46FB990DE709}.Debug|Any CPU.Build.0 = Debug|Any CPU
		{994419B0-D8AF-ED2B-02DB-46FB990DE709}.Release|Any CPU.ActiveCfg = Release|Any CPU
		{994419B0-D8AF-ED2B-02DB-46FB990DE709}.Release|Any CPU.Build.0 = Release|Any CPU
		{FB7C388C-3F29-A4D5-FAAE-15FEF71947FE}.Debug|Any CPU.ActiveCfg = Debug|Any CPU
		{FB7C388C-3F29-A4D5-FAAE-15FEF71947FE}.Debug|Any CPU.Build.0 = Debug|Any CPU
		{FB7C388C-3F29-A4D5-FAAE-15FEF71947FE}.Release|Any CPU.ActiveCfg = Release|Any CPU
		{FB7C388C-3F29-A4D5-FAAE-15FEF71947FE}.Release|Any CPU.Build.0 = Release|Any CPU
		{91FF604C-D998-AA11-9246-B92BC39CFD4E}.Debug|Any CPU.ActiveCfg = Debug|Any CPU
		{91FF604C-D998-AA11-9246-B92BC39CFD4E}.Debug|Any CPU.Build.0 = Debug|Any CPU
		{91FF604C-D998-AA11-9246-B92BC39CFD4E}.Release|Any CPU.ActiveCfg = Release|Any CPU
		{91FF604C-D998-AA11-9246-B92BC39CFD4E}.Release|Any CPU.Build.0 = Release|Any CPU
		{C6D27D8B-9336-3703-348C-E6028D24CE96}.Debug|Any CPU.ActiveCfg = Debug|Any CPU
		{C6D27D8B-9336-3703-348C-E6028D24CE96}.Debug|Any CPU.Build.0 = Debug|Any CPU
		{C6D27D8B-9336-3703-348C-E6028D24CE96}.Release|Any CPU.ActiveCfg = Release|Any CPU
		{C6D27D8B-9336-3703-348C-E6028D24CE96}.Release|Any CPU.Build.0 = Release|Any CPU
		{C393BFD5-FC6A-F032-0915-8DE1FE3B5898}.Debug|Any CPU.ActiveCfg = Debug|Any CPU
		{C393BFD5-FC6A-F032-0915-8DE1FE3B5898}.Debug|Any CPU.Build.0 = Debug|Any CPU
		{C393BFD5-FC6A-F032-0915-8DE1FE3B5898}.Release|Any CPU.ActiveCfg = Release|Any CPU
		{C393BFD5-FC6A-F032-0915-8DE1FE3B5898}.Release|Any CPU.Build.0 = Release|Any CPU
		{64D715E6-3F63-DB03-D3D0-3B73808137C2}.Debug|Any CPU.ActiveCfg = Debug|Any CPU
		{64D715E6-3F63-DB03-D3D0-3B73808137C2}.Debug|Any CPU.Build.0 = Debug|Any CPU
		{64D715E6-3F63-DB03-D3D0-3B73808137C2}.Release|Any CPU.ActiveCfg = Release|Any CPU
		{64D715E6-3F63-DB03-D3D0-3B73808137C2}.Release|Any CPU.Build.0 = Release|Any CPU
		{64B043BF-8F5E-1138-0AEF-FF5D4DA0C75B}.Debug|Any CPU.ActiveCfg = Debug|Any CPU
		{64B043BF-8F5E-1138-0AEF-FF5D4DA0C75B}.Debug|Any CPU.Build.0 = Debug|Any CPU
		{64B043BF-8F5E-1138-0AEF-FF5D4DA0C75B}.Release|Any CPU.ActiveCfg = Release|Any CPU
		{64B043BF-8F5E-1138-0AEF-FF5D4DA0C75B}.Release|Any CPU.Build.0 = Release|Any CPU
		{3BF283AE-6DE3-5C5C-225E-0B8BAA7204D0}.Debug|Any CPU.ActiveCfg = Debug|Any CPU
		{3BF283AE-6DE3-5C5C-225E-0B8BAA7204D0}.Debug|Any CPU.Build.0 = Debug|Any CPU
		{3BF283AE-6DE3-5C5C-225E-0B8BAA7204D0}.Release|Any CPU.ActiveCfg = Release|Any CPU
		{3BF283AE-6DE3-5C5C-225E-0B8BAA7204D0}.Release|Any CPU.Build.0 = Release|Any CPU
		{EBFE6F7D-7A40-363F-06B6-7CA14DE1B492}.Debug|Any CPU.ActiveCfg = Debug|Any CPU
		{EBFE6F7D-7A40-363F-06B6-7CA14DE1B492}.Debug|Any CPU.Build.0 = Debug|Any CPU
		{EBFE6F7D-7A40-363F-06B6-7CA14DE1B492}.Release|Any CPU.ActiveCfg = Release|Any CPU
		{EBFE6F7D-7A40-363F-06B6-7CA14DE1B492}.Release|Any CPU.Build.0 = Release|Any CPU
		{7242DE33-BCC1-69FA-DB08-B5EE204E36FD}.Debug|Any CPU.ActiveCfg = Debug|Any CPU
		{7242DE33-BCC1-69FA-DB08-B5EE204E36FD}.Debug|Any CPU.Build.0 = Debug|Any CPU
		{7242DE33-BCC1-69FA-DB08-B5EE204E36FD}.Release|Any CPU.ActiveCfg = Release|Any CPU
		{7242DE33-BCC1-69FA-DB08-B5EE204E36FD}.Release|Any CPU.Build.0 = Release|Any CPU
		{9AA80B19-CBEE-1F00-A18D-A2A4748642C9}.Debug|Any CPU.ActiveCfg = Debug|Any CPU
		{9AA80B19-CBEE-1F00-A18D-A2A4748642C9}.Debug|Any CPU.Build.0 = Debug|Any CPU
		{9AA80B19-CBEE-1F00-A18D-A2A4748642C9}.Release|Any CPU.ActiveCfg = Release|Any CPU
		{9AA80B19-CBEE-1F00-A18D-A2A4748642C9}.Release|Any CPU.Build.0 = Release|Any CPU
		{B57E6161-F7F1-960B-4FC2-330C01F0CD13}.Debug|Any CPU.ActiveCfg = Debug|Any CPU
		{B57E6161-F7F1-960B-4FC2-330C01F0CD13}.Debug|Any CPU.Build.0 = Debug|Any CPU
		{B57E6161-F7F1-960B-4FC2-330C01F0CD13}.Release|Any CPU.ActiveCfg = Release|Any CPU
		{B57E6161-F7F1-960B-4FC2-330C01F0CD13}.Release|Any CPU.Build.0 = Release|Any CPU
		{65A56DAC-AEE5-C99F-1AE4-36681069854B}.Debug|Any CPU.ActiveCfg = Debug|Any CPU
		{65A56DAC-AEE5-C99F-1AE4-36681069854B}.Debug|Any CPU.Build.0 = Debug|Any CPU
		{65A56DAC-AEE5-C99F-1AE4-36681069854B}.Release|Any CPU.ActiveCfg = Release|Any CPU
		{65A56DAC-AEE5-C99F-1AE4-36681069854B}.Release|Any CPU.Build.0 = Release|Any CPU
		{F1BAE4F3-1969-7E7A-EFCE-3C02BA171250}.Debug|Any CPU.ActiveCfg = Debug|Any CPU
		{F1BAE4F3-1969-7E7A-EFCE-3C02BA171250}.Debug|Any CPU.Build.0 = Debug|Any CPU
		{F1BAE4F3-1969-7E7A-EFCE-3C02BA171250}.Release|Any CPU.ActiveCfg = Release|Any CPU
		{F1BAE4F3-1969-7E7A-EFCE-3C02BA171250}.Release|Any CPU.Build.0 = Release|Any CPU
		{34377166-FA6E-81A1-7934-3F1FFE1E8B60}.Debug|Any CPU.ActiveCfg = Debug|Any CPU
		{34377166-FA6E-81A1-7934-3F1FFE1E8B60}.Debug|Any CPU.Build.0 = Debug|Any CPU
		{34377166-FA6E-81A1-7934-3F1FFE1E8B60}.Release|Any CPU.ActiveCfg = Release|Any CPU
		{34377166-FA6E-81A1-7934-3F1FFE1E8B60}.Release|Any CPU.Build.0 = Release|Any CPU
		{60453915-FD93-8B90-65CA-EAF1A9265161}.Debug|Any CPU.ActiveCfg = Debug|Any CPU
		{60453915-FD93-8B90-65CA-EAF1A9265161}.Debug|Any CPU.Build.0 = Debug|Any CPU
		{60453915-FD93-8B90-65CA-EAF1A9265161}.Release|Any CPU.ActiveCfg = Release|Any CPU
		{60453915-FD93-8B90-65CA-EAF1A9265161}.Release|Any CPU.Build.0 = Release|Any CPU
		{D99F8EEB-08A9-C34A-23BA-889D0BDAEFF4}.Debug|Any CPU.ActiveCfg = Debug|Any CPU
		{D99F8EEB-08A9-C34A-23BA-889D0BDAEFF4}.Debug|Any CPU.Build.0 = Debug|Any CPU
		{D99F8EEB-08A9-C34A-23BA-889D0BDAEFF4}.Release|Any CPU.ActiveCfg = Release|Any CPU
		{D99F8EEB-08A9-C34A-23BA-889D0BDAEFF4}.Release|Any CPU.Build.0 = Release|Any CPU
		{BE91417E-F167-0006-7EA0-BE15B7FB92BF}.Debug|Any CPU.ActiveCfg = Debug|Any CPU
		{BE91417E-F167-0006-7EA0-BE15B7FB92BF}.Debug|Any CPU.Build.0 = Debug|Any CPU
		{BE91417E-F167-0006-7EA0-BE15B7FB92BF}.Release|Any CPU.ActiveCfg = Release|Any CPU
		{BE91417E-F167-0006-7EA0-BE15B7FB92BF}.Release|Any CPU.Build.0 = Release|Any CPU
		{777405E3-BE96-EB82-A4DE-56D85239462D}.Debug|Any CPU.ActiveCfg = Debug|Any CPU
		{777405E3-BE96-EB82-A4DE-56D85239462D}.Debug|Any CPU.Build.0 = Debug|Any CPU
		{777405E3-BE96-EB82-A4DE-56D85239462D}.Release|Any CPU.ActiveCfg = Release|Any CPU
		{777405E3-BE96-EB82-A4DE-56D85239462D}.Release|Any CPU.Build.0 = Release|Any CPU
		{0792C4DF-982C-831E-1412-EBE999A3EE40}.Debug|Any CPU.ActiveCfg = Debug|Any CPU
		{0792C4DF-982C-831E-1412-EBE999A3EE40}.Debug|Any CPU.Build.0 = Debug|Any CPU
		{0792C4DF-982C-831E-1412-EBE999A3EE40}.Release|Any CPU.ActiveCfg = Release|Any CPU
		{0792C4DF-982C-831E-1412-EBE999A3EE40}.Release|Any CPU.Build.0 = Release|Any CPU
		{3A59968F-4ACE-D0D5-F86C-73D563442A7B}.Debug|Any CPU.ActiveCfg = Debug|Any CPU
		{3A59968F-4ACE-D0D5-F86C-73D563442A7B}.Debug|Any CPU.Build.0 = Debug|Any CPU
		{3A59968F-4ACE-D0D5-F86C-73D563442A7B}.Release|Any CPU.ActiveCfg = Release|Any CPU
		{3A59968F-4ACE-D0D5-F86C-73D563442A7B}.Release|Any CPU.Build.0 = Release|Any CPU
		{164E7B23-FBE3-1BBB-F1C9-3605C0324121}.Debug|Any CPU.ActiveCfg = Debug|Any CPU
		{164E7B23-FBE3-1BBB-F1C9-3605C0324121}.Debug|Any CPU.Build.0 = Debug|Any CPU
		{164E7B23-FBE3-1BBB-F1C9-3605C0324121}.Release|Any CPU.ActiveCfg = Release|Any CPU
		{164E7B23-FBE3-1BBB-F1C9-3605C0324121}.Release|Any CPU.Build.0 = Release|Any CPU
		{9AEC3DFD-EF9E-D452-6C02-EB032AA862A8}.Debug|Any CPU.ActiveCfg = Debug|Any CPU
		{9AEC3DFD-EF9E-D452-6C02-EB032AA862A8}.Debug|Any CPU.Build.0 = Debug|Any CPU
		{9AEC3DFD-EF9E-D452-6C02-EB032AA862A8}.Release|Any CPU.ActiveCfg = Release|Any CPU
		{9AEC3DFD-EF9E-D452-6C02-EB032AA862A8}.Release|Any CPU.Build.0 = Release|Any CPU
		{D7D45397-3F00-57EC-8D52-A252A3E819E7}.Debug|Any CPU.ActiveCfg = Debug|Any CPU
		{D7D45397-3F00-57EC-8D52-A252A3E819E7}.Debug|Any CPU.Build.0 = Debug|Any CPU
		{D7D45397-3F00-57EC-8D52-A252A3E819E7}.Release|Any CPU.ActiveCfg = Release|Any CPU
		{D7D45397-3F00-57EC-8D52-A252A3E819E7}.Release|Any CPU.Build.0 = Release|Any CPU
		{42515A45-A616-0AF7-27E9-7A99CD0EF072}.Debug|Any CPU.ActiveCfg = Debug|Any CPU
		{42515A45-A616-0AF7-27E9-7A99CD0EF072}.Debug|Any CPU.Build.0 = Debug|Any CPU
		{42515A45-A616-0AF7-27E9-7A99CD0EF072}.Release|Any CPU.ActiveCfg = Release|Any CPU
		{42515A45-A616-0AF7-27E9-7A99CD0EF072}.Release|Any CPU.Build.0 = Release|Any CPU
	EndGlobalSection
	GlobalSection(SolutionProperties) = preSolution
		HideSolutionNode = FALSE
	EndGlobalSection
EndGlobal
